
Microsoft Visual Studio Solution File, Format Version 12.00
# Visual Studio Version 17
VisualStudioVersion = 17.10.35013.160
MinimumVisualStudioVersion = 10.0.40219.1
Project("{9A19103F-16F7-4668-BE54-9A1E7A4F7556}") = "WindowsFormsApp1Core", "WindowsFormsApp1Core.csproj", "{405F8861-6CAD-42DF-AC0C-D3A1E4EFCFD4}"
EndProject
Global
	GlobalSection(SolutionConfigurationPlatforms) = preSolution
		Debug|Any CPU = Debug|Any CPU
		Release|Any CPU = Release|Any CPU
	EndGlobalSection
	GlobalSection(ProjectConfigurationPlatforms) = postSolution
		{405F8861-6CAD-42DF-AC0C-D3A1E4EFCFD4}.Debug|Any CPU.ActiveCfg = Debug|Any CPU
		{405F8861-6CAD-42DF-AC0C-D3A1E4EFCFD4}.Debug|Any CPU.Build.0 = Debug|Any CPU
		{405F8861-6CAD-42DF-AC0C-D3A1E4EFCFD4}.Release|Any CPU.ActiveCfg = Release|Any CPU
		{405F8861-6CAD-42DF-AC0C-D3A1E4EFCFD4}.Release|Any CPU.Build.0 = Release|Any CPU
	EndGlobalSection
	GlobalSection(SolutionProperties) = preSolution
		HideSolutionNode = FALSE
	EndGlobalSection
	GlobalSection(ExtensibilityGlobals) = postSolution
		SolutionGuid = {E79D5195-3452-4EB6-8C8B-373106E54E49}
	EndGlobalSection
EndGlobal
